
Microsoft Visual Studio Solution File, Format Version 12.00
# Visual Studio Version 17
VisualStudioVersion = 17.12.35707.178
MinimumVisualStudioVersion = 10.0.40219.1
Project("{2150E333-8FDC-42A3-9474-1A3956D46DE8}") = "Services", "Services", "{6DDF7696-E40F-4E6E-A5A2-5A9A052141F2}"
EndProject
Project("{2150E333-8FDC-42A3-9474-1A3956D46DE8}") = "Catalog", "Catalog", "{F97A3E22-F8FC-4A3B-9793-AB68BF8B5DE0}"
EndProject
Project("{2150E333-8FDC-42A3-9474-1A3956D46DE8}") = "BuildingBlocks", "BuildingBlocks", "{02EA681E-C7D8-13C7-8484-4AC65E1B71E8}"
EndProject
Project("{FAE04EC0-301F-11D3-BF4B-00C04F79EFBC}") = "BuildingBlocks", "BuildingBlocks\BuildingBlocks\BuildingBlocks.csproj", "{1435ED8A-1E42-4F77-967C-26B0D86833DB}"
EndProject
Project("{2150E333-8FDC-42A3-9474-1A3956D46DE8}") = "Basket", "Basket", "{14CA90CD-2342-4C22-AF7B-0A865DDDE86B}"
EndProject
Project("{2150E333-8FDC-42A3-9474-1A3956D46DE8}") = "Discount", "Discount", "{BDEA0888-1FCC-4C53-8D5C-9282DA1B034E}"
EndProject
Project("{FAE04EC0-301F-11D3-BF4B-00C04F79EFBC}") = "Basket.API", "Services\Basket.API\Basket.API.csproj", "{EFE39741-07E3-C133-6CC5-8B9A81CC4175}"
EndProject
Project("{FAE04EC0-301F-11D3-BF4B-00C04F79EFBC}") = "Catalog.API", "Services\Catalog.API\Catalog.API.csproj", "{F5E03E87-19CD-217B-FD1F-57440F89F464}"
EndProject
Project("{FAE04EC0-301F-11D3-BF4B-00C04F79EFBC}") = "Discount.gRPC", "Services\Discount.gRPC\Discount.gRPC.csproj", "{41C05705-0DD3-92F4-EEBD-A271CCE04F48}"
EndProject
Project("{E53339B2-1760-4266-BCC7-CA923CBCF16C}") = "docker-compose", "docker-compose.dcproj", "{81DDED9D-158B-E303-5F62-77A2896D2A5A}"
EndProject
Project("{2150E333-8FDC-42A3-9474-1A3956D46DE8}") = "Ordering", "Ordering", "{BA2C9503-C5E7-4440-ACBD-F62FDEF5FDF4}"
EndProject
Project("{FAE04EC0-301F-11D3-BF4B-00C04F79EFBC}") = "Ordering.API", "Services\Ordering.API\Ordering.API.csproj", "{B214286E-8DB8-4584-91B2-B0C69D1D183E}"
EndProject
Project("{FAE04EC0-301F-11D3-BF4B-00C04F79EFBC}") = "Ordering.Application", "Services\Ordering.API\Ordering.Application\Ordering.Application.csproj", "{B5640837-C634-4827-9FF1-937B6DB8A62C}"
EndProject
Project("{FAE04EC0-301F-11D3-BF4B-00C04F79EFBC}") = "Ordering.Infrastructure", "Services\Ordering.API\Ordering.Infratructure\Ordering.Infrastructure.csproj", "{D5D41B6D-B3F3-4138-96EC-4C392BC7CA74}"
EndProject
Project("{FAE04EC0-301F-11D3-BF4B-00C04F79EFBC}") = "Ordering.Domain", "Services\Ordering.API\Ordering.Domain\Ordering.Domain.csproj", "{0DD08CDC-9C15-40CF-96FD-B85670813BCA}"
EndProject
Global
	GlobalSection(SolutionConfigurationPlatforms) = preSolution
		Debug|Any CPU = Debug|Any CPU
		Release|Any CPU = Release|Any CPU
	EndGlobalSection
	GlobalSection(ProjectConfigurationPlatforms) = postSolution
		{1435ED8A-1E42-4F77-967C-26B0D86833DB}.Debug|Any CPU.ActiveCfg = Debug|Any CPU
		{1435ED8A-1E42-4F77-967C-26B0D86833DB}.Debug|Any CPU.Build.0 = Debug|Any CPU
		{1435ED8A-1E42-4F77-967C-26B0D86833DB}.Release|Any CPU.ActiveCfg = Release|Any CPU
		{1435ED8A-1E42-4F77-967C-26B0D86833DB}.Release|Any CPU.Build.0 = Release|Any CPU
		{EFE39741-07E3-C133-6CC5-8B9A81CC4175}.Debug|Any CPU.ActiveCfg = Debug|Any CPU
		{EFE39741-07E3-C133-6CC5-8B9A81CC4175}.Debug|Any CPU.Build.0 = Debug|Any CPU
		{EFE39741-07E3-C133-6CC5-8B9A81CC4175}.Release|Any CPU.ActiveCfg = Release|Any CPU
		{EFE39741-07E3-C133-6CC5-8B9A81CC4175}.Release|Any CPU.Build.0 = Release|Any CPU
		{F5E03E87-19CD-217B-FD1F-57440F89F464}.Debug|Any CPU.ActiveCfg = Debug|Any CPU
		{F5E03E87-19CD-217B-FD1F-57440F89F464}.Debug|Any CPU.Build.0 = Debug|Any CPU
		{F5E03E87-19CD-217B-FD1F-57440F89F464}.Release|Any CPU.ActiveCfg = Release|Any CPU
		{F5E03E87-19CD-217B-FD1F-57440F89F464}.Release|Any CPU.Build.0 = Release|Any CPU
		{41C05705-0DD3-92F4-EEBD-A271CCE04F48}.Debug|Any CPU.ActiveCfg = Debug|Any CPU
		{41C05705-0DD3-92F4-EEBD-A271CCE04F48}.Debug|Any CPU.Build.0 = Debug|Any CPU
		{41C05705-0DD3-92F4-EEBD-A271CCE04F48}.Release|Any CPU.ActiveCfg = Release|Any CPU
		{41C05705-0DD3-92F4-EEBD-A271CCE04F48}.Release|Any CPU.Build.0 = Release|Any CPU
		{81DDED9D-158B-E303-5F62-77A2896D2A5A}.Debug|Any CPU.ActiveCfg = Debug|Any CPU
		{81DDED9D-158B-E303-5F62-77A2896D2A5A}.Debug|Any CPU.Build.0 = Debug|Any CPU
		{81DDED9D-158B-E303-5F62-77A2896D2A5A}.Release|Any CPU.ActiveCfg = Release|Any CPU
		{81DDED9D-158B-E303-5F62-77A2896D2A5A}.Release|Any CPU.Build.0 = Release|Any CPU
		{B214286E-8DB8-4584-91B2-B0C69D1D183E}.Debug|Any CPU.ActiveCfg = Debug|Any CPU
		{B214286E-8DB8-4584-91B2-B0C69D1D183E}.Debug|Any CPU.Build.0 = Debug|Any CPU
		{B214286E-8DB8-4584-91B2-B0C69D1D183E}.Release|Any CPU.ActiveCfg = Release|Any CPU
		{B214286E-8DB8-4584-91B2-B0C69D1D183E}.Release|Any CPU.Build.0 = Release|Any CPU
		{B5640837-C634-4827-9FF1-937B6DB8A62C}.Debug|Any CPU.ActiveCfg = Debug|Any CPU
		{B5640837-C634-4827-9FF1-937B6DB8A62C}.Debug|Any CPU.Build.0 = Debug|Any CPU
		{B5640837-C634-4827-9FF1-937B6DB8A62C}.Release|Any CPU.ActiveCfg = Release|Any CPU
		{B5640837-C634-4827-9FF1-937B6DB8A62C}.Release|Any CPU.Build.0 = Release|Any CPU
		{D5D41B6D-B3F3-4138-96EC-4C392BC7CA74}.Debug|Any CPU.ActiveCfg = Debug|Any CPU
		{D5D41B6D-B3F3-4138-96EC-4C392BC7CA74}.Debug|Any CPU.Build.0 = Debug|Any CPU
		{D5D41B6D-B3F3-4138-96EC-4C392BC7CA74}.Release|Any CPU.ActiveCfg = Release|Any CPU
		{D5D41B6D-B3F3-4138-96EC-4C392BC7CA74}.Release|Any CPU.Build.0 = Release|Any CPU
		{0DD08CDC-9C15-40CF-96FD-B85670813BCA}.Debug|Any CPU.ActiveCfg = Debug|Any CPU
		{0DD08CDC-9C15-40CF-96FD-B85670813BCA}.Debug|Any CPU.Build.0 = Debug|Any CPU
		{0DD08CDC-9C15-40CF-96FD-B85670813BCA}.Release|Any CPU.ActiveCfg = Release|Any CPU
		{0DD08CDC-9C15-40CF-96FD-B85670813BCA}.Release|Any CPU.Build.0 = Release|Any CPU
	EndGlobalSection
	GlobalSection(SolutionProperties) = preSolution
		HideSolutionNode = FALSE
	EndGlobalSection
	GlobalSection(NestedProjects) = preSolution
		{F97A3E22-F8FC-4A3B-9793-AB68BF8B5DE0} = {6DDF7696-E40F-4E6E-A5A2-5A9A052141F2}
		{1435ED8A-1E42-4F77-967C-26B0D86833DB} = {02EA681E-C7D8-13C7-8484-4AC65E1B71E8}
		{14CA90CD-2342-4C22-AF7B-0A865DDDE86B} = {6DDF7696-E40F-4E6E-A5A2-5A9A052141F2}
		{BDEA0888-1FCC-4C53-8D5C-9282DA1B034E} = {6DDF7696-E40F-4E6E-A5A2-5A9A052141F2}
		{EFE39741-07E3-C133-6CC5-8B9A81CC4175} = {14CA90CD-2342-4C22-AF7B-0A865DDDE86B}
		{F5E03E87-19CD-217B-FD1F-57440F89F464} = {F97A3E22-F8FC-4A3B-9793-AB68BF8B5DE0}
		{41C05705-0DD3-92F4-EEBD-A271CCE04F48} = {BDEA0888-1FCC-4C53-8D5C-9282DA1B034E}
		{BA2C9503-C5E7-4440-ACBD-F62FDEF5FDF4} = {6DDF7696-E40F-4E6E-A5A2-5A9A052141F2}
		{B214286E-8DB8-4584-91B2-B0C69D1D183E} = {BA2C9503-C5E7-4440-ACBD-F62FDEF5FDF4}
		{B5640837-C634-4827-9FF1-937B6DB8A62C} = {BA2C9503-C5E7-4440-ACBD-F62FDEF5FDF4}
		{D5D41B6D-B3F3-4138-96EC-4C392BC7CA74} = {BA2C9503-C5E7-4440-ACBD-F62FDEF5FDF4}
		{0DD08CDC-9C15-40CF-96FD-B85670813BCA} = {BA2C9503-C5E7-4440-ACBD-F62FDEF5FDF4}
	EndGlobalSection
	GlobalSection(ExtensibilityGlobals) = postSolution
		SolutionGuid = {EF81744F-1B2E-4651-858D-F65B329E4768}
	EndGlobalSection
EndGlobal
